
Microsoft Visual Studio Solution File, Format Version 12.00
# Visual Studio Version 17
VisualStudioVersion = 17.8.34309.116
MinimumVisualStudioVersion = 10.0.40219.1
Project("{9A19103F-16F7-4668-BE54-9A1E7A4F7556}") = "Server", "Server\Server.csproj", "{9F7C1B2E-33C5-4B8C-8B3C-93896DF94922}"
EndProject
Project("{9A19103F-16F7-4668-BE54-9A1E7A4F7556}") = "Client", "Client\Client.csproj", "{014DCB5D-4B47-4315-9DA5-F8ECC903A811}"
EndProject
Project("{FAE04EC0-301F-11D3-BF4B-00C04F79EFBC}") = "NetworkLibrary", "NetworkLibrary\NetworkLibrary.csproj", "{E13AF26D-A868-4D40-8CA0-A160F71EA267}"
EndProject
Global
	GlobalSection(SolutionConfigurationPlatforms) = preSolution
		Debug|Any CPU = Debug|Any CPU
		Release|Any CPU = Release|Any CPU
	EndGlobalSection
	GlobalSection(ProjectConfigurationPlatforms) = postSolution
		{9F7C1B2E-33C5-4B8C-8B3C-93896DF94922}.Debug|Any CPU.ActiveCfg = Debug|Any CPU
		{9F7C1B2E-33C5-4B8C-8B3C-93896DF94922}.Debug|Any CPU.Build.0 = Debug|Any CPU
		{9F7C1B2E-33C5-4B8C-8B3C-93896DF94922}.Release|Any CPU.ActiveCfg = Release|Any CPU
		{9F7C1B2E-33C5-4B8C-8B3C-93896DF94922}.Release|Any CPU.Build.0 = Release|Any CPU
		{014DCB5D-4B47-4315-9DA5-F8ECC903A811}.Debug|Any CPU.ActiveCfg = Debug|Any CPU
		{014DCB5D-4B47-4315-9DA5-F8ECC903A811}.Debug|Any CPU.Build.0 = Debug|Any CPU
		{014DCB5D-4B47-4315-9DA5-F8ECC903A811}.Release|Any CPU.ActiveCfg = Release|Any CPU
		{014DCB5D-4B47-4315-9DA5-F8ECC903A811}.Release|Any CPU.Build.0 = Release|Any CPU
		{E13AF26D-A868-4D40-8CA0-A160F71EA267}.Debug|Any CPU.ActiveCfg = Debug|Any CPU
		{E13AF26D-A868-4D40-8CA0-A160F71EA267}.Debug|Any CPU.Build.0 = Debug|Any CPU
		{E13AF26D-A868-4D40-8CA0-A160F71EA267}.Release|Any CPU.ActiveCfg = Release|Any CPU
		{E13AF26D-A868-4D40-8CA0-A160F71EA267}.Release|Any CPU.Build.0 = Release|Any CPU
	EndGlobalSection
	GlobalSection(SolutionProperties) = preSolution
		HideSolutionNode = FALSE
	EndGlobalSection
	GlobalSection(ExtensibilityGlobals) = postSolution
		SolutionGuid = {6950F51F-B7E2-49BA-8298-F5B8242ECB01}
	EndGlobalSection
EndGlobal
